
Microsoft Visual Studio Solution File, Format Version 12.00
# Visual Studio 15
VisualStudioVersion = 15.0.26730.16
MinimumVisualStudioVersion = 10.0.40219.1
Project("{FAE04EC0-301F-11D3-BF4B-00C04F79EFBC}") = "XForm", "XForm.csproj", "{B0BFDA4F-581C-457C-B0E6-A90D75A51F10}"
EndProject
Project("{FAE04EC0-301F-11D3-BF4B-00C04F79EFBC}") = "Elfie", "..\Elfie\Elfie.csproj", "{D45F339F-847A-4F3A-88A0-AFB883E9920E}"
EndProject
Project("{FAE04EC0-301F-11D3-BF4B-00C04F79EFBC}") = "Elfie.Test", "..\Elfie.Test\Elfie.Test.csproj", "{FBB1CED3-8C9D-4CB8-A322-04EC783E11B8}"
EndProject
Project("{FAE04EC0-301F-11D3-BF4B-00C04F79EFBC}") = "XForm.Test", "..\XForm.Test\XForm.Test.csproj", "{98428907-23A7-4706-A955-CDEB9D4F1662}"
EndProject
Project("{8BC9CEB8-8B4A-11D0-8D11-00A0C91BC942}") = "Elfie.Native", "..\Elfie.Native\Elfie.Native.vcxproj", "{760FC534-0591-4209-A367-CDA01AEF52E0}"
EndProject
Global
	GlobalSection(SolutionConfigurationPlatforms) = preSolution
		Debug|Any CPU = Debug|Any CPU
		Debug|x64 = Debug|x64
		Debug|x86 = Debug|x86
		Release|Any CPU = Release|Any CPU
		Release|x64 = Release|x64
		Release|x86 = Release|x86
	EndGlobalSection
	GlobalSection(ProjectConfigurationPlatforms) = postSolution
		{B0BFDA4F-581C-457C-B0E6-A90D75A51F10}.Debug|Any CPU.ActiveCfg = Debug|Any CPU
		{B0BFDA4F-581C-457C-B0E6-A90D75A51F10}.Debug|Any CPU.Build.0 = Debug|Any CPU
		{B0BFDA4F-581C-457C-B0E6-A90D75A51F10}.Debug|x64.ActiveCfg = Debug|Any CPU
		{B0BFDA4F-581C-457C-B0E6-A90D75A51F10}.Debug|x64.Build.0 = Debug|Any CPU
		{B0BFDA4F-581C-457C-B0E6-A90D75A51F10}.Debug|x86.ActiveCfg = Debug|Any CPU
		{B0BFDA4F-581C-457C-B0E6-A90D75A51F10}.Debug|x86.Build.0 = Debug|Any CPU
		{B0BFDA4F-581C-457C-B0E6-A90D75A51F10}.Release|Any CPU.ActiveCfg = Release|Any CPU
		{B0BFDA4F-581C-457C-B0E6-A90D75A51F10}.Release|Any CPU.Build.0 = Release|Any CPU
		{B0BFDA4F-581C-457C-B0E6-A90D75A51F10}.Release|x64.ActiveCfg = Release|Any CPU
		{B0BFDA4F-581C-457C-B0E6-A90D75A51F10}.Release|x64.Build.0 = Release|Any CPU
		{B0BFDA4F-581C-457C-B0E6-A90D75A51F10}.Release|x86.ActiveCfg = Release|Any CPU
		{B0BFDA4F-581C-457C-B0E6-A90D75A51F10}.Release|x86.Build.0 = Release|Any CPU
		{D45F339F-847A-4F3A-88A0-AFB883E9920E}.Debug|Any CPU.ActiveCfg = Debug|x86
		{D45F339F-847A-4F3A-88A0-AFB883E9920E}.Debug|x64.ActiveCfg = Debug|x64
		{D45F339F-847A-4F3A-88A0-AFB883E9920E}.Debug|x64.Build.0 = Debug|x64
		{D45F339F-847A-4F3A-88A0-AFB883E9920E}.Debug|x86.ActiveCfg = Debug|x86
		{D45F339F-847A-4F3A-88A0-AFB883E9920E}.Debug|x86.Build.0 = Debug|x86
		{D45F339F-847A-4F3A-88A0-AFB883E9920E}.Release|Any CPU.ActiveCfg = Release|x86
		{D45F339F-847A-4F3A-88A0-AFB883E9920E}.Release|x64.ActiveCfg = Release|x64
		{D45F339F-847A-4F3A-88A0-AFB883E9920E}.Release|x64.Build.0 = Release|x64
		{D45F339F-847A-4F3A-88A0-AFB883E9920E}.Release|x86.ActiveCfg = Release|x86
		{D45F339F-847A-4F3A-88A0-AFB883E9920E}.Release|x86.Build.0 = Release|x86
		{FBB1CED3-8C9D-4CB8-A322-04EC783E11B8}.Debug|Any CPU.ActiveCfg = Debug|Any CPU
		{FBB1CED3-8C9D-4CB8-A322-04EC783E11B8}.Debug|Any CPU.Build.0 = Debug|Any CPU
		{FBB1CED3-8C9D-4CB8-A322-04EC783E11B8}.Debug|x64.ActiveCfg = Debug|x64
		{FBB1CED3-8C9D-4CB8-A322-04EC783E11B8}.Debug|x64.Build.0 = Debug|x64
		{FBB1CED3-8C9D-4CB8-A322-04EC783E11B8}.Debug|x86.ActiveCfg = Debug|Any CPU
		{FBB1CED3-8C9D-4CB8-A322-04EC783E11B8}.Debug|x86.Build.0 = Debug|Any CPU
		{FBB1CED3-8C9D-4CB8-A322-04EC783E11B8}.Release|Any CPU.ActiveCfg = Release|Any CPU
		{FBB1CED3-8C9D-4CB8-A322-04EC783E11B8}.Release|Any CPU.Build.0 = Release|Any CPU
		{FBB1CED3-8C9D-4CB8-A322-04EC783E11B8}.Release|x64.ActiveCfg = Release|x64
		{FBB1CED3-8C9D-4CB8-A322-04EC783E11B8}.Release|x64.Build.0 = Release|x64
		{FBB1CED3-8C9D-4CB8-A322-04EC783E11B8}.Release|x86.ActiveCfg = Release|Any CPU
		{FBB1CED3-8C9D-4CB8-A322-04EC783E11B8}.Release|x86.Build.0 = Release|Any CPU
		{98428907-23A7-4706-A955-CDEB9D4F1662}.Debug|Any CPU.ActiveCfg = Debug|Any CPU
		{98428907-23A7-4706-A955-CDEB9D4F1662}.Debug|Any CPU.Build.0 = Debug|Any CPU
		{98428907-23A7-4706-A955-CDEB9D4F1662}.Debug|x64.ActiveCfg = Debug|Any CPU
		{98428907-23A7-4706-A955-CDEB9D4F1662}.Debug|x64.Build.0 = Debug|Any CPU
		{98428907-23A7-4706-A955-CDEB9D4F1662}.Debug|x86.ActiveCfg = Debug|Any CPU
		{98428907-23A7-4706-A955-CDEB9D4F1662}.Debug|x86.Build.0 = Debug|Any CPU
		{98428907-23A7-4706-A955-CDEB9D4F1662}.Release|Any CPU.ActiveCfg = Release|Any CPU
		{98428907-23A7-4706-A955-CDEB9D4F1662}.Release|Any CPU.Build.0 = Release|Any CPU
		{98428907-23A7-4706-A955-CDEB9D4F1662}.Release|x64.ActiveCfg = Release|Any CPU
		{98428907-23A7-4706-A955-CDEB9D4F1662}.Release|x64.Build.0 = Release|Any CPU
		{98428907-23A7-4706-A955-CDEB9D4F1662}.Release|x86.ActiveCfg = Release|Any CPU
		{98428907-23A7-4706-A955-CDEB9D4F1662}.Release|x86.Build.0 = Release|Any CPU
		{760FC534-0591-4209-A367-CDA01AEF52E0}.Debug|Any CPU.ActiveCfg = Debug|Win32
		{760FC534-0591-4209-A367-CDA01AEF52E0}.Debug|x64.ActiveCfg = Debug|x64
		{760FC534-0591-4209-A367-CDA01AEF52E0}.Debug|x64.Build.0 = Debug|x64
		{760FC534-0591-4209-A367-CDA01AEF52E0}.Debug|x86.ActiveCfg = Debug|Win32
		{760FC534-0591-4209-A367-CDA01AEF52E0}.Debug|x86.Build.0 = Debug|Win32
		{760FC534-0591-4209-A367-CDA01AEF52E0}.Release|Any CPU.ActiveCfg = Release|Win32
		{760FC534-0591-4209-A367-CDA01AEF52E0}.Release|x64.ActiveCfg = Release|x64
		{760FC534-0591-4209-A367-CDA01AEF52E0}.Release|x64.Build.0 = Release|x64
		{760FC534-0591-4209-A367-CDA01AEF52E0}.Release|x86.ActiveCfg = Release|Win32
		{760FC534-0591-4209-A367-CDA01AEF52E0}.Release|x86.Build.0 = Release|Win32
	EndGlobalSection
	GlobalSection(SolutionProperties) = preSolution
		HideSolutionNode = FALSE
	EndGlobalSection
	GlobalSection(ExtensibilityGlobals) = postSolution
		SolutionGuid = {83FE0288-0B21-464A-8D70-7216AFB3CD11}
	EndGlobalSection
EndGlobal
