
Microsoft Visual Studio Solution File, Format Version 12.00
# Visual Studio 15
VisualStudioVersion = 15.0.26730.16
MinimumVisualStudioVersion = 10.0.40219.1
Project("{2150E333-8FDC-42A3-9474-1A3956D46DE8}") = "Solution Items", "Solution Items", "{46C7FEEB-4FA3-4CB1-87E6-D8DEA87F13C6}"
	ProjectSection(SolutionItems) = preProject
		Arriba.testsettings = Arriba.testsettings
	EndProjectSection
EndProject
Project("{2150E333-8FDC-42A3-9474-1A3956D46DE8}") = "Tools", "Tools", "{AC459F90-C1BF-4B6A-BEC4-5C19487C3D8B}"
EndProject
Project("{FAE04EC0-301F-11D3-BF4B-00C04F79EFBC}") = "Arriba", "Arriba\Arriba.csproj", "{D89B4A01-F637-4147-9737-91A327A9DA3F}"
EndProject
Project("{FAE04EC0-301F-11D3-BF4B-00C04F79EFBC}") = "Arriba.Client", "Arriba.Client\Arriba.Client.csproj", "{35E3E90C-F12E-4EB5-9161-A78ED5CA950F}"
EndProject
Project("{FAE04EC0-301F-11D3-BF4B-00C04F79EFBC}") = "Arriba.Communication", "Arriba.Communication\Arriba.Communication.csproj", "{7DCFE5A1-CDBF-426F-BD57-225443651238}"
EndProject
Project("{FAE04EC0-301F-11D3-BF4B-00C04F79EFBC}") = "Arriba.ConsoleTest", "Arriba.ConsoleTest\Arriba.ConsoleTest.csproj", "{2851AE4B-E57F-4777-951E-253F0EC4EF67}"
EndProject
Project("{FAE04EC0-301F-11D3-BF4B-00C04F79EFBC}") = "Arriba.Query", "Arriba.Query\Arriba.Query.csproj", "{E4D3AB4B-B37E-42A5-A718-33B419EA0170}"
EndProject
Project("{FAE04EC0-301F-11D3-BF4B-00C04F79EFBC}") = "Arriba.Server", "Arriba.Server\Arriba.Server.csproj", "{E23FB68B-E2FD-478B-A6F3-200F5C91B4F8}"
EndProject
Project("{FAE04EC0-301F-11D3-BF4B-00C04F79EFBC}") = "Arriba.Test", "Arriba.Test\Arriba.Test.csproj", "{2451F923-391D-4C16-87D0-32FCDB451998}"
EndProject
Project("{2150E333-8FDC-42A3-9474-1A3956D46DE8}") = ".nuget", ".nuget", "{142F4F42-5123-41B6-A783-A07C94A87DE9}"
	ProjectSection(SolutionItems) = preProject
		.nuget\NuGet.Config = .nuget\NuGet.Config
		.nuget\NuGet.exe = .nuget\NuGet.exe
		.nuget\NuGet.targets = .nuget\NuGet.targets
	EndProjectSection
EndProject
Project("{FAE04EC0-301F-11D3-BF4B-00C04F79EFBC}") = "Arriba.ClientExample", "Arriba.ClientExample\Arriba.ClientExample.csproj", "{8BADA412-2BD0-4026-8319-DAF8E288DE3F}"
EndProject
Project("{FAE04EC0-301F-11D3-BF4B-00C04F79EFBC}") = "Arriba.Csv", "Tools\Arriba.Csv\Arriba.Csv.csproj", "{D264AFC1-C7D7-4585-9FCD-92BED4CD0D28}"
EndProject
Project("{FAE04EC0-301F-11D3-BF4B-00C04F79EFBC}") = "Arriba.TfsWorkItemCrawler", "Tools\Arriba.TfsWorkItemCrawler\Arriba.TfsWorkItemCrawler.csproj", "{FA9A437A-4299-4645-957D-EEABB17396C5}"
EndProject
Project("{FAE04EC0-301F-11D3-BF4B-00C04F79EFBC}") = "Elfie", "..\Elfie\Elfie\Elfie.csproj", "{D45F339F-847A-4F3A-88A0-AFB883E9920E}"
EndProject
Global
	GlobalSection(SolutionConfigurationPlatforms) = preSolution
		Debug|Any CPU = Debug|Any CPU
		Debug|x64 = Debug|x64
		Debug|x86 = Debug|x86
		Release|Any CPU = Release|Any CPU
		Release|x64 = Release|x64
		Release|x86 = Release|x86
	EndGlobalSection
	GlobalSection(ProjectConfigurationPlatforms) = postSolution
		{D89B4A01-F637-4147-9737-91A327A9DA3F}.Debug|Any CPU.ActiveCfg = Debug|Any CPU
		{D89B4A01-F637-4147-9737-91A327A9DA3F}.Debug|Any CPU.Build.0 = Debug|Any CPU
		{D89B4A01-F637-4147-9737-91A327A9DA3F}.Debug|x64.ActiveCfg = Debug|x64
		{D89B4A01-F637-4147-9737-91A327A9DA3F}.Debug|x64.Build.0 = Debug|x64
		{D89B4A01-F637-4147-9737-91A327A9DA3F}.Debug|x86.ActiveCfg = Debug|Any CPU
		{D89B4A01-F637-4147-9737-91A327A9DA3F}.Debug|x86.Build.0 = Debug|Any CPU
		{D89B4A01-F637-4147-9737-91A327A9DA3F}.Release|Any CPU.ActiveCfg = Release|Any CPU
		{D89B4A01-F637-4147-9737-91A327A9DA3F}.Release|Any CPU.Build.0 = Release|Any CPU
		{D89B4A01-F637-4147-9737-91A327A9DA3F}.Release|x64.ActiveCfg = Release|x64
		{D89B4A01-F637-4147-9737-91A327A9DA3F}.Release|x64.Build.0 = Release|x64
		{D89B4A01-F637-4147-9737-91A327A9DA3F}.Release|x86.ActiveCfg = Release|Any CPU
		{D89B4A01-F637-4147-9737-91A327A9DA3F}.Release|x86.Build.0 = Release|Any CPU
		{35E3E90C-F12E-4EB5-9161-A78ED5CA950F}.Debug|Any CPU.ActiveCfg = Debug|Any CPU
		{35E3E90C-F12E-4EB5-9161-A78ED5CA950F}.Debug|Any CPU.Build.0 = Debug|Any CPU
		{35E3E90C-F12E-4EB5-9161-A78ED5CA950F}.Debug|x64.ActiveCfg = Debug|x64
		{35E3E90C-F12E-4EB5-9161-A78ED5CA950F}.Debug|x64.Build.0 = Debug|x64
		{35E3E90C-F12E-4EB5-9161-A78ED5CA950F}.Debug|x86.ActiveCfg = Debug|Any CPU
		{35E3E90C-F12E-4EB5-9161-A78ED5CA950F}.Debug|x86.Build.0 = Debug|Any CPU
		{35E3E90C-F12E-4EB5-9161-A78ED5CA950F}.Release|Any CPU.ActiveCfg = Release|Any CPU
		{35E3E90C-F12E-4EB5-9161-A78ED5CA950F}.Release|Any CPU.Build.0 = Release|Any CPU
		{35E3E90C-F12E-4EB5-9161-A78ED5CA950F}.Release|x64.ActiveCfg = Release|x64
		{35E3E90C-F12E-4EB5-9161-A78ED5CA950F}.Release|x64.Build.0 = Release|x64
		{35E3E90C-F12E-4EB5-9161-A78ED5CA950F}.Release|x86.ActiveCfg = Release|Any CPU
		{35E3E90C-F12E-4EB5-9161-A78ED5CA950F}.Release|x86.Build.0 = Release|Any CPU
		{7DCFE5A1-CDBF-426F-BD57-225443651238}.Debug|Any CPU.ActiveCfg = Debug|Any CPU
		{7DCFE5A1-CDBF-426F-BD57-225443651238}.Debug|Any CPU.Build.0 = Debug|Any CPU
		{7DCFE5A1-CDBF-426F-BD57-225443651238}.Debug|x64.ActiveCfg = Debug|x64
		{7DCFE5A1-CDBF-426F-BD57-225443651238}.Debug|x64.Build.0 = Debug|x64
		{7DCFE5A1-CDBF-426F-BD57-225443651238}.Debug|x86.ActiveCfg = Debug|Any CPU
		{7DCFE5A1-CDBF-426F-BD57-225443651238}.Debug|x86.Build.0 = Debug|Any CPU
		{7DCFE5A1-CDBF-426F-BD57-225443651238}.Release|Any CPU.ActiveCfg = Release|Any CPU
		{7DCFE5A1-CDBF-426F-BD57-225443651238}.Release|Any CPU.Build.0 = Release|Any CPU
		{7DCFE5A1-CDBF-426F-BD57-225443651238}.Release|x64.ActiveCfg = Release|x64
		{7DCFE5A1-CDBF-426F-BD57-225443651238}.Release|x64.Build.0 = Release|x64
		{7DCFE5A1-CDBF-426F-BD57-225443651238}.Release|x86.ActiveCfg = Release|Any CPU
		{7DCFE5A1-CDBF-426F-BD57-225443651238}.Release|x86.Build.0 = Release|Any CPU
		{2851AE4B-E57F-4777-951E-253F0EC4EF67}.Debug|Any CPU.ActiveCfg = Debug|Any CPU
		{2851AE4B-E57F-4777-951E-253F0EC4EF67}.Debug|Any CPU.Build.0 = Debug|Any CPU
		{2851AE4B-E57F-4777-951E-253F0EC4EF67}.Debug|x64.ActiveCfg = Debug|x64
		{2851AE4B-E57F-4777-951E-253F0EC4EF67}.Debug|x64.Build.0 = Debug|x64
		{2851AE4B-E57F-4777-951E-253F0EC4EF67}.Debug|x86.ActiveCfg = Debug|Any CPU
		{2851AE4B-E57F-4777-951E-253F0EC4EF67}.Debug|x86.Build.0 = Debug|Any CPU
		{2851AE4B-E57F-4777-951E-253F0EC4EF67}.Release|Any CPU.ActiveCfg = Release|Any CPU
		{2851AE4B-E57F-4777-951E-253F0EC4EF67}.Release|Any CPU.Build.0 = Release|Any CPU
		{2851AE4B-E57F-4777-951E-253F0EC4EF67}.Release|x64.ActiveCfg = Release|x64
		{2851AE4B-E57F-4777-951E-253F0EC4EF67}.Release|x64.Build.0 = Release|x64
		{2851AE4B-E57F-4777-951E-253F0EC4EF67}.Release|x86.ActiveCfg = Release|Any CPU
		{2851AE4B-E57F-4777-951E-253F0EC4EF67}.Release|x86.Build.0 = Release|Any CPU
		{E4D3AB4B-B37E-42A5-A718-33B419EA0170}.Debug|Any CPU.ActiveCfg = Debug|Any CPU
		{E4D3AB4B-B37E-42A5-A718-33B419EA0170}.Debug|Any CPU.Build.0 = Debug|Any CPU
		{E4D3AB4B-B37E-42A5-A718-33B419EA0170}.Debug|x64.ActiveCfg = Debug|x64
		{E4D3AB4B-B37E-42A5-A718-33B419EA0170}.Debug|x64.Build.0 = Debug|x64
		{E4D3AB4B-B37E-42A5-A718-33B419EA0170}.Debug|x86.ActiveCfg = Debug|Any CPU
		{E4D3AB4B-B37E-42A5-A718-33B419EA0170}.Debug|x86.Build.0 = Debug|Any CPU
		{E4D3AB4B-B37E-42A5-A718-33B419EA0170}.Release|Any CPU.ActiveCfg = Release|Any CPU
		{E4D3AB4B-B37E-42A5-A718-33B419EA0170}.Release|Any CPU.Build.0 = Release|Any CPU
		{E4D3AB4B-B37E-42A5-A718-33B419EA0170}.Release|x64.ActiveCfg = Release|x64
		{E4D3AB4B-B37E-42A5-A718-33B419EA0170}.Release|x64.Build.0 = Release|x64
		{E4D3AB4B-B37E-42A5-A718-33B419EA0170}.Release|x86.ActiveCfg = Release|Any CPU
		{E4D3AB4B-B37E-42A5-A718-33B419EA0170}.Release|x86.Build.0 = Release|Any CPU
		{E23FB68B-E2FD-478B-A6F3-200F5C91B4F8}.Debug|Any CPU.ActiveCfg = Debug|Any CPU
		{E23FB68B-E2FD-478B-A6F3-200F5C91B4F8}.Debug|Any CPU.Build.0 = Debug|Any CPU
		{E23FB68B-E2FD-478B-A6F3-200F5C91B4F8}.Debug|x64.ActiveCfg = Debug|x64
		{E23FB68B-E2FD-478B-A6F3-200F5C91B4F8}.Debug|x64.Build.0 = Debug|x64
		{E23FB68B-E2FD-478B-A6F3-200F5C91B4F8}.Debug|x86.ActiveCfg = Debug|Any CPU
		{E23FB68B-E2FD-478B-A6F3-200F5C91B4F8}.Debug|x86.Build.0 = Debug|Any CPU
		{E23FB68B-E2FD-478B-A6F3-200F5C91B4F8}.Release|Any CPU.ActiveCfg = Release|Any CPU
		{E23FB68B-E2FD-478B-A6F3-200F5C91B4F8}.Release|Any CPU.Build.0 = Release|Any CPU
		{E23FB68B-E2FD-478B-A6F3-200F5C91B4F8}.Release|x64.ActiveCfg = Release|x64
		{E23FB68B-E2FD-478B-A6F3-200F5C91B4F8}.Release|x64.Build.0 = Release|x64
		{E23FB68B-E2FD-478B-A6F3-200F5C91B4F8}.Release|x86.ActiveCfg = Release|Any CPU
		{E23FB68B-E2FD-478B-A6F3-200F5C91B4F8}.Release|x86.Build.0 = Release|Any CPU
		{2451F923-391D-4C16-87D0-32FCDB451998}.Debug|Any CPU.ActiveCfg = Debug|Any CPU
		{2451F923-391D-4C16-87D0-32FCDB451998}.Debug|Any CPU.Build.0 = Debug|Any CPU
		{2451F923-391D-4C16-87D0-32FCDB451998}.Debug|x64.ActiveCfg = Debug|x64
		{2451F923-391D-4C16-87D0-32FCDB451998}.Debug|x64.Build.0 = Debug|x64
		{2451F923-391D-4C16-87D0-32FCDB451998}.Debug|x86.ActiveCfg = Debug|Any CPU
		{2451F923-391D-4C16-87D0-32FCDB451998}.Debug|x86.Build.0 = Debug|Any CPU
		{2451F923-391D-4C16-87D0-32FCDB451998}.Release|Any CPU.ActiveCfg = Release|Any CPU
		{2451F923-391D-4C16-87D0-32FCDB451998}.Release|Any CPU.Build.0 = Release|Any CPU
		{2451F923-391D-4C16-87D0-32FCDB451998}.Release|x64.ActiveCfg = Release|x64
		{2451F923-391D-4C16-87D0-32FCDB451998}.Release|x64.Build.0 = Release|x64
		{2451F923-391D-4C16-87D0-32FCDB451998}.Release|x86.ActiveCfg = Release|Any CPU
		{2451F923-391D-4C16-87D0-32FCDB451998}.Release|x86.Build.0 = Release|Any CPU
		{8BADA412-2BD0-4026-8319-DAF8E288DE3F}.Debug|Any CPU.ActiveCfg = Debug|Any CPU
		{8BADA412-2BD0-4026-8319-DAF8E288DE3F}.Debug|Any CPU.Build.0 = Debug|Any CPU
		{8BADA412-2BD0-4026-8319-DAF8E288DE3F}.Debug|x64.ActiveCfg = Debug|x64
		{8BADA412-2BD0-4026-8319-DAF8E288DE3F}.Debug|x64.Build.0 = Debug|x64
		{8BADA412-2BD0-4026-8319-DAF8E288DE3F}.Debug|x86.ActiveCfg = Debug|Any CPU
		{8BADA412-2BD0-4026-8319-DAF8E288DE3F}.Debug|x86.Build.0 = Debug|Any CPU
		{8BADA412-2BD0-4026-8319-DAF8E288DE3F}.Release|Any CPU.ActiveCfg = Release|Any CPU
		{8BADA412-2BD0-4026-8319-DAF8E288DE3F}.Release|Any CPU.Build.0 = Release|Any CPU
		{8BADA412-2BD0-4026-8319-DAF8E288DE3F}.Release|x64.ActiveCfg = Release|x64
		{8BADA412-2BD0-4026-8319-DAF8E288DE3F}.Release|x64.Build.0 = Release|x64
		{8BADA412-2BD0-4026-8319-DAF8E288DE3F}.Release|x86.ActiveCfg = Release|Any CPU
		{8BADA412-2BD0-4026-8319-DAF8E288DE3F}.Release|x86.Build.0 = Release|Any CPU
		{D264AFC1-C7D7-4585-9FCD-92BED4CD0D28}.Debug|Any CPU.ActiveCfg = Debug|Any CPU
		{D264AFC1-C7D7-4585-9FCD-92BED4CD0D28}.Debug|Any CPU.Build.0 = Debug|Any CPU
		{D264AFC1-C7D7-4585-9FCD-92BED4CD0D28}.Debug|x64.ActiveCfg = Debug|Any CPU
		{D264AFC1-C7D7-4585-9FCD-92BED4CD0D28}.Debug|x64.Build.0 = Debug|Any CPU
		{D264AFC1-C7D7-4585-9FCD-92BED4CD0D28}.Debug|x86.ActiveCfg = Debug|Any CPU
		{D264AFC1-C7D7-4585-9FCD-92BED4CD0D28}.Debug|x86.Build.0 = Debug|Any CPU
		{D264AFC1-C7D7-4585-9FCD-92BED4CD0D28}.Release|Any CPU.ActiveCfg = Release|Any CPU
		{D264AFC1-C7D7-4585-9FCD-92BED4CD0D28}.Release|Any CPU.Build.0 = Release|Any CPU
		{D264AFC1-C7D7-4585-9FCD-92BED4CD0D28}.Release|x64.ActiveCfg = Release|Any CPU
		{D264AFC1-C7D7-4585-9FCD-92BED4CD0D28}.Release|x64.Build.0 = Release|Any CPU
		{D264AFC1-C7D7-4585-9FCD-92BED4CD0D28}.Release|x86.ActiveCfg = Release|Any CPU
		{D264AFC1-C7D7-4585-9FCD-92BED4CD0D28}.Release|x86.Build.0 = Release|Any CPU
		{FA9A437A-4299-4645-957D-EEABB17396C5}.Debug|Any CPU.ActiveCfg = Debug|Any CPU
		{FA9A437A-4299-4645-957D-EEABB17396C5}.Debug|Any CPU.Build.0 = Debug|Any CPU
		{FA9A437A-4299-4645-957D-EEABB17396C5}.Debug|x64.ActiveCfg = Debug|Any CPU
		{FA9A437A-4299-4645-957D-EEABB17396C5}.Debug|x64.Build.0 = Debug|Any CPU
		{FA9A437A-4299-4645-957D-EEABB17396C5}.Debug|x86.ActiveCfg = Debug|Any CPU
		{FA9A437A-4299-4645-957D-EEABB17396C5}.Debug|x86.Build.0 = Debug|Any CPU
		{FA9A437A-4299-4645-957D-EEABB17396C5}.Release|Any CPU.ActiveCfg = Release|Any CPU
		{FA9A437A-4299-4645-957D-EEABB17396C5}.Release|Any CPU.Build.0 = Release|Any CPU
		{FA9A437A-4299-4645-957D-EEABB17396C5}.Release|x64.ActiveCfg = Release|Any CPU
		{FA9A437A-4299-4645-957D-EEABB17396C5}.Release|x64.Build.0 = Release|Any CPU
		{FA9A437A-4299-4645-957D-EEABB17396C5}.Release|x86.ActiveCfg = Release|Any CPU
		{FA9A437A-4299-4645-957D-EEABB17396C5}.Release|x86.Build.0 = Release|Any CPU
		{D45F339F-847A-4F3A-88A0-AFB883E9920E}.Debug|Any CPU.ActiveCfg = Debug|Any CPU
		{D45F339F-847A-4F3A-88A0-AFB883E9920E}.Debug|Any CPU.Build.0 = Debug|Any CPU
		{D45F339F-847A-4F3A-88A0-AFB883E9920E}.Debug|x64.ActiveCfg = Debug|x64
		{D45F339F-847A-4F3A-88A0-AFB883E9920E}.Debug|x64.Build.0 = Debug|x64
		{D45F339F-847A-4F3A-88A0-AFB883E9920E}.Debug|x86.ActiveCfg = Debug|x86
		{D45F339F-847A-4F3A-88A0-AFB883E9920E}.Debug|x86.Build.0 = Debug|x86
		{D45F339F-847A-4F3A-88A0-AFB883E9920E}.Release|Any CPU.ActiveCfg = Release|Any CPU
		{D45F339F-847A-4F3A-88A0-AFB883E9920E}.Release|Any CPU.Build.0 = Release|Any CPU
		{D45F339F-847A-4F3A-88A0-AFB883E9920E}.Release|x64.ActiveCfg = Release|x64
		{D45F339F-847A-4F3A-88A0-AFB883E9920E}.Release|x64.Build.0 = Release|x64
		{D45F339F-847A-4F3A-88A0-AFB883E9920E}.Release|x86.ActiveCfg = Release|x86
		{D45F339F-847A-4F3A-88A0-AFB883E9920E}.Release|x86.Build.0 = Release|x86
	EndGlobalSection
	GlobalSection(SolutionProperties) = preSolution
		HideSolutionNode = FALSE
	EndGlobalSection
	GlobalSection(NestedProjects) = preSolution
		{D264AFC1-C7D7-4585-9FCD-92BED4CD0D28} = {AC459F90-C1BF-4B6A-BEC4-5C19487C3D8B}
		{FA9A437A-4299-4645-957D-EEABB17396C5} = {AC459F90-C1BF-4B6A-BEC4-5C19487C3D8B}
	EndGlobalSection
	GlobalSection(ExtensibilityGlobals) = postSolution
		SolutionGuid = {3E46CB31-6A58-4D48-9FB9-0889D5C8548F}
	EndGlobalSection
EndGlobal
