
Microsoft Visual Studio Solution File, Format Version 12.00
# Visual Studio 15
VisualStudioVersion = 15.0.26730.16
MinimumVisualStudioVersion = 10.0.40219.1
Project("{FAE04EC0-301F-11D3-BF4B-00C04F79EFBC}") = "Elfie", "Elfie\Elfie.csproj", "{D45F339F-847A-4F3A-88A0-AFB883E9920E}"
EndProject
Project("{FAE04EC0-301F-11D3-BF4B-00C04F79EFBC}") = "Elfie.Test", "Elfie.Test\Elfie.Test.csproj", "{FBB1CED3-8C9D-4CB8-A322-04EC783E11B8}"
EndProject
Project("{FAE04EC0-301F-11D3-BF4B-00C04F79EFBC}") = "Elfie.Api.Indexer", "Elfie.Indexer\Elfie.Api.Indexer.csproj", "{48C0034D-8531-4B72-95D8-50250BF7AF4F}"
EndProject
Project("{FAE04EC0-301F-11D3-BF4B-00C04F79EFBC}") = "Elfie.Search", "Elfie.Search\Elfie.Search.csproj", "{0004F542-0939-45BA-A138-395A9106BBCE}"
EndProject
Project("{FAE04EC0-301F-11D3-BF4B-00C04F79EFBC}") = "Elfie.EndToEnd", "Elfie.EndToEnd\Elfie.EndToEnd.csproj", "{BD7C02F6-84BF-4BF7-818F-DD4B2C871250}"
EndProject
Project("{FAE04EC0-301F-11D3-BF4B-00C04F79EFBC}") = "Elfie.Merger", "Elfie.Merger\Elfie.Merger.csproj", "{138292CE-B4A7-4B6A-BE23-D61B8A244ECF}"
EndProject
Project("{FAE04EC0-301F-11D3-BF4B-00C04F79EFBC}") = "SymbolSourceGet", "SymbolSourceGet\SymbolSourceGet.csproj", "{E5E258E2-E9D6-48F5-B581-732744647717}"
EndProject
Project("{FAE04EC0-301F-11D3-BF4B-00C04F79EFBC}") = "SourceIndex", "SourceIndex\SourceIndex.csproj", "{12817C7C-C927-4959-BEDD-1456357ECEFF}"
EndProject
Project("{2150E333-8FDC-42A3-9474-1A3956D46DE8}") = "Solution Items", "Solution Items", "{9F32FE5F-346D-4594-9FAE-6EC62F0A0967}"
	ProjectSection(SolutionItems) = preProject
		Elfie.testsettings = Elfie.testsettings
	EndProjectSection
EndProject
Project("{FAE04EC0-301F-11D3-BF4B-00C04F79EFBC}") = "Elfie.NonCore.Test", "Elfie.NonCore.Test\Elfie.NonCore.Test.csproj", "{15F44DA7-815C-4F54-8C49-0FEEC9095DB8}"
EndProject
Project("{FAE04EC0-301F-11D3-BF4B-00C04F79EFBC}") = "Xsv", "Xsv\Xsv.csproj", "{7E26458E-6A42-4053-BB89-62D3C7530815}"
EndProject
Project("{FAE04EC0-301F-11D3-BF4B-00C04F79EFBC}") = "Xsv.Test", "Xsv.Test\Xsv.Test.csproj", "{8A711BBB-5B69-4BAF-86A2-FB25397794B9}"
EndProject
Project("{FAE04EC0-301F-11D3-BF4B-00C04F79EFBC}") = "SymbolForge", "SymbolForge\SymbolForge.csproj", "{BD3B23A9-9086-49BD-9C75-9554D56248BE}"
EndProject
Global
	GlobalSection(SolutionConfigurationPlatforms) = preSolution
		Debug|Any CPU = Debug|Any CPU
		Debug|x64 = Debug|x64
		Debug|x86 = Debug|x86
		Release|Any CPU = Release|Any CPU
		Release|x64 = Release|x64
		Release|x86 = Release|x86
	EndGlobalSection
	GlobalSection(ProjectConfigurationPlatforms) = postSolution
		{D45F339F-847A-4F3A-88A0-AFB883E9920E}.Debug|Any CPU.ActiveCfg = Debug|Any CPU
		{D45F339F-847A-4F3A-88A0-AFB883E9920E}.Debug|Any CPU.Build.0 = Debug|Any CPU
		{D45F339F-847A-4F3A-88A0-AFB883E9920E}.Debug|x64.ActiveCfg = Debug|x64
		{D45F339F-847A-4F3A-88A0-AFB883E9920E}.Debug|x64.Build.0 = Debug|x64
		{D45F339F-847A-4F3A-88A0-AFB883E9920E}.Debug|x86.ActiveCfg = Debug|x86
		{D45F339F-847A-4F3A-88A0-AFB883E9920E}.Debug|x86.Build.0 = Debug|x86
		{D45F339F-847A-4F3A-88A0-AFB883E9920E}.Release|Any CPU.ActiveCfg = Release|Any CPU
		{D45F339F-847A-4F3A-88A0-AFB883E9920E}.Release|Any CPU.Build.0 = Release|Any CPU
		{D45F339F-847A-4F3A-88A0-AFB883E9920E}.Release|x64.ActiveCfg = Release|x64
		{D45F339F-847A-4F3A-88A0-AFB883E9920E}.Release|x64.Build.0 = Release|x64
		{D45F339F-847A-4F3A-88A0-AFB883E9920E}.Release|x86.ActiveCfg = Release|x86
		{D45F339F-847A-4F3A-88A0-AFB883E9920E}.Release|x86.Build.0 = Release|x86
		{FBB1CED3-8C9D-4CB8-A322-04EC783E11B8}.Debug|Any CPU.ActiveCfg = Debug|Any CPU
		{FBB1CED3-8C9D-4CB8-A322-04EC783E11B8}.Debug|Any CPU.Build.0 = Debug|Any CPU
		{FBB1CED3-8C9D-4CB8-A322-04EC783E11B8}.Debug|x64.ActiveCfg = Debug|x64
		{FBB1CED3-8C9D-4CB8-A322-04EC783E11B8}.Debug|x64.Build.0 = Debug|x64
		{FBB1CED3-8C9D-4CB8-A322-04EC783E11B8}.Debug|x86.ActiveCfg = Debug|Any CPU
		{FBB1CED3-8C9D-4CB8-A322-04EC783E11B8}.Debug|x86.Build.0 = Debug|Any CPU
		{FBB1CED3-8C9D-4CB8-A322-04EC783E11B8}.Release|Any CPU.ActiveCfg = Release|Any CPU
		{FBB1CED3-8C9D-4CB8-A322-04EC783E11B8}.Release|Any CPU.Build.0 = Release|Any CPU
		{FBB1CED3-8C9D-4CB8-A322-04EC783E11B8}.Release|x64.ActiveCfg = Release|Any CPU
		{FBB1CED3-8C9D-4CB8-A322-04EC783E11B8}.Release|x64.Build.0 = Release|Any CPU
		{FBB1CED3-8C9D-4CB8-A322-04EC783E11B8}.Release|x86.ActiveCfg = Release|Any CPU
		{FBB1CED3-8C9D-4CB8-A322-04EC783E11B8}.Release|x86.Build.0 = Release|Any CPU
		{48C0034D-8531-4B72-95D8-50250BF7AF4F}.Debug|Any CPU.ActiveCfg = Debug|Any CPU
		{48C0034D-8531-4B72-95D8-50250BF7AF4F}.Debug|Any CPU.Build.0 = Debug|Any CPU
		{48C0034D-8531-4B72-95D8-50250BF7AF4F}.Debug|x64.ActiveCfg = Debug|x64
		{48C0034D-8531-4B72-95D8-50250BF7AF4F}.Debug|x64.Build.0 = Debug|x64
		{48C0034D-8531-4B72-95D8-50250BF7AF4F}.Debug|x86.ActiveCfg = Debug|Any CPU
		{48C0034D-8531-4B72-95D8-50250BF7AF4F}.Debug|x86.Build.0 = Debug|Any CPU
		{48C0034D-8531-4B72-95D8-50250BF7AF4F}.Release|Any CPU.ActiveCfg = Release|Any CPU
		{48C0034D-8531-4B72-95D8-50250BF7AF4F}.Release|Any CPU.Build.0 = Release|Any CPU
		{48C0034D-8531-4B72-95D8-50250BF7AF4F}.Release|x64.ActiveCfg = Release|Any CPU
		{48C0034D-8531-4B72-95D8-50250BF7AF4F}.Release|x64.Build.0 = Release|Any CPU
		{48C0034D-8531-4B72-95D8-50250BF7AF4F}.Release|x86.ActiveCfg = Release|Any CPU
		{48C0034D-8531-4B72-95D8-50250BF7AF4F}.Release|x86.Build.0 = Release|Any CPU
		{0004F542-0939-45BA-A138-395A9106BBCE}.Debug|Any CPU.ActiveCfg = Debug|Any CPU
		{0004F542-0939-45BA-A138-395A9106BBCE}.Debug|Any CPU.Build.0 = Debug|Any CPU
		{0004F542-0939-45BA-A138-395A9106BBCE}.Debug|x64.ActiveCfg = Debug|x64
		{0004F542-0939-45BA-A138-395A9106BBCE}.Debug|x64.Build.0 = Debug|x64
		{0004F542-0939-45BA-A138-395A9106BBCE}.Debug|x86.ActiveCfg = Debug|Any CPU
		{0004F542-0939-45BA-A138-395A9106BBCE}.Debug|x86.Build.0 = Debug|Any CPU
		{0004F542-0939-45BA-A138-395A9106BBCE}.Release|Any CPU.ActiveCfg = Release|Any CPU
		{0004F542-0939-45BA-A138-395A9106BBCE}.Release|Any CPU.Build.0 = Release|Any CPU
		{0004F542-0939-45BA-A138-395A9106BBCE}.Release|x64.ActiveCfg = Release|Any CPU
		{0004F542-0939-45BA-A138-395A9106BBCE}.Release|x64.Build.0 = Release|Any CPU
		{0004F542-0939-45BA-A138-395A9106BBCE}.Release|x86.ActiveCfg = Release|Any CPU
		{0004F542-0939-45BA-A138-395A9106BBCE}.Release|x86.Build.0 = Release|Any CPU
		{BD7C02F6-84BF-4BF7-818F-DD4B2C871250}.Debug|Any CPU.ActiveCfg = Debug|Any CPU
		{BD7C02F6-84BF-4BF7-818F-DD4B2C871250}.Debug|Any CPU.Build.0 = Debug|Any CPU
		{BD7C02F6-84BF-4BF7-818F-DD4B2C871250}.Debug|x64.ActiveCfg = Debug|x64
		{BD7C02F6-84BF-4BF7-818F-DD4B2C871250}.Debug|x64.Build.0 = Debug|x64
		{BD7C02F6-84BF-4BF7-818F-DD4B2C871250}.Debug|x86.ActiveCfg = Debug|Any CPU
		{BD7C02F6-84BF-4BF7-818F-DD4B2C871250}.Debug|x86.Build.0 = Debug|Any CPU
		{BD7C02F6-84BF-4BF7-818F-DD4B2C871250}.Release|Any CPU.ActiveCfg = Release|Any CPU
		{BD7C02F6-84BF-4BF7-818F-DD4B2C871250}.Release|Any CPU.Build.0 = Release|Any CPU
		{BD7C02F6-84BF-4BF7-818F-DD4B2C871250}.Release|x64.ActiveCfg = Release|Any CPU
		{BD7C02F6-84BF-4BF7-818F-DD4B2C871250}.Release|x64.Build.0 = Release|Any CPU
		{BD7C02F6-84BF-4BF7-818F-DD4B2C871250}.Release|x86.ActiveCfg = Release|Any CPU
		{BD7C02F6-84BF-4BF7-818F-DD4B2C871250}.Release|x86.Build.0 = Release|Any CPU
		{138292CE-B4A7-4B6A-BE23-D61B8A244ECF}.Debug|Any CPU.ActiveCfg = Debug|Any CPU
		{138292CE-B4A7-4B6A-BE23-D61B8A244ECF}.Debug|Any CPU.Build.0 = Debug|Any CPU
		{138292CE-B4A7-4B6A-BE23-D61B8A244ECF}.Debug|x64.ActiveCfg = Debug|Any CPU
		{138292CE-B4A7-4B6A-BE23-D61B8A244ECF}.Debug|x64.Build.0 = Debug|Any CPU
		{138292CE-B4A7-4B6A-BE23-D61B8A244ECF}.Debug|x86.ActiveCfg = Debug|Any CPU
		{138292CE-B4A7-4B6A-BE23-D61B8A244ECF}.Debug|x86.Build.0 = Debug|Any CPU
		{138292CE-B4A7-4B6A-BE23-D61B8A244ECF}.Release|Any CPU.ActiveCfg = Release|Any CPU
		{138292CE-B4A7-4B6A-BE23-D61B8A244ECF}.Release|Any CPU.Build.0 = Release|Any CPU
		{138292CE-B4A7-4B6A-BE23-D61B8A244ECF}.Release|x64.ActiveCfg = Release|Any CPU
		{138292CE-B4A7-4B6A-BE23-D61B8A244ECF}.Release|x64.Build.0 = Release|Any CPU
		{138292CE-B4A7-4B6A-BE23-D61B8A244ECF}.Release|x86.ActiveCfg = Release|Any CPU
		{138292CE-B4A7-4B6A-BE23-D61B8A244ECF}.Release|x86.Build.0 = Release|Any CPU
		{E5E258E2-E9D6-48F5-B581-732744647717}.Debug|Any CPU.ActiveCfg = Debug|Any CPU
		{E5E258E2-E9D6-48F5-B581-732744647717}.Debug|Any CPU.Build.0 = Debug|Any CPU
		{E5E258E2-E9D6-48F5-B581-732744647717}.Debug|x64.ActiveCfg = Debug|Any CPU
		{E5E258E2-E9D6-48F5-B581-732744647717}.Debug|x64.Build.0 = Debug|Any CPU
		{E5E258E2-E9D6-48F5-B581-732744647717}.Debug|x86.ActiveCfg = Debug|Any CPU
		{E5E258E2-E9D6-48F5-B581-732744647717}.Debug|x86.Build.0 = Debug|Any CPU
		{E5E258E2-E9D6-48F5-B581-732744647717}.Release|Any CPU.ActiveCfg = Release|Any CPU
		{E5E258E2-E9D6-48F5-B581-732744647717}.Release|Any CPU.Build.0 = Release|Any CPU
		{E5E258E2-E9D6-48F5-B581-732744647717}.Release|x64.ActiveCfg = Release|Any CPU
		{E5E258E2-E9D6-48F5-B581-732744647717}.Release|x64.Build.0 = Release|Any CPU
		{E5E258E2-E9D6-48F5-B581-732744647717}.Release|x86.ActiveCfg = Release|Any CPU
		{E5E258E2-E9D6-48F5-B581-732744647717}.Release|x86.Build.0 = Release|Any CPU
		{12817C7C-C927-4959-BEDD-1456357ECEFF}.Debug|Any CPU.ActiveCfg = Debug|Any CPU
		{12817C7C-C927-4959-BEDD-1456357ECEFF}.Debug|Any CPU.Build.0 = Debug|Any CPU
		{12817C7C-C927-4959-BEDD-1456357ECEFF}.Debug|x64.ActiveCfg = Debug|Any CPU
		{12817C7C-C927-4959-BEDD-1456357ECEFF}.Debug|x64.Build.0 = Debug|Any CPU
		{12817C7C-C927-4959-BEDD-1456357ECEFF}.Debug|x86.ActiveCfg = Debug|Any CPU
		{12817C7C-C927-4959-BEDD-1456357ECEFF}.Debug|x86.Build.0 = Debug|Any CPU
		{12817C7C-C927-4959-BEDD-1456357ECEFF}.Release|Any CPU.ActiveCfg = Release|Any CPU
		{12817C7C-C927-4959-BEDD-1456357ECEFF}.Release|Any CPU.Build.0 = Release|Any CPU
		{12817C7C-C927-4959-BEDD-1456357ECEFF}.Release|x64.ActiveCfg = Release|Any CPU
		{12817C7C-C927-4959-BEDD-1456357ECEFF}.Release|x64.Build.0 = Release|Any CPU
		{12817C7C-C927-4959-BEDD-1456357ECEFF}.Release|x86.ActiveCfg = Release|Any CPU
		{12817C7C-C927-4959-BEDD-1456357ECEFF}.Release|x86.Build.0 = Release|Any CPU
		{15F44DA7-815C-4F54-8C49-0FEEC9095DB8}.Debug|Any CPU.ActiveCfg = Debug|Any CPU
		{15F44DA7-815C-4F54-8C49-0FEEC9095DB8}.Debug|Any CPU.Build.0 = Debug|Any CPU
		{15F44DA7-815C-4F54-8C49-0FEEC9095DB8}.Debug|x64.ActiveCfg = Debug|Any CPU
		{15F44DA7-815C-4F54-8C49-0FEEC9095DB8}.Debug|x64.Build.0 = Debug|Any CPU
		{15F44DA7-815C-4F54-8C49-0FEEC9095DB8}.Debug|x86.ActiveCfg = Debug|Any CPU
		{15F44DA7-815C-4F54-8C49-0FEEC9095DB8}.Debug|x86.Build.0 = Debug|Any CPU
		{15F44DA7-815C-4F54-8C49-0FEEC9095DB8}.Release|Any CPU.ActiveCfg = Release|Any CPU
		{15F44DA7-815C-4F54-8C49-0FEEC9095DB8}.Release|Any CPU.Build.0 = Release|Any CPU
		{15F44DA7-815C-4F54-8C49-0FEEC9095DB8}.Release|x64.ActiveCfg = Release|Any CPU
		{15F44DA7-815C-4F54-8C49-0FEEC9095DB8}.Release|x64.Build.0 = Release|Any CPU
		{15F44DA7-815C-4F54-8C49-0FEEC9095DB8}.Release|x86.ActiveCfg = Release|Any CPU
		{15F44DA7-815C-4F54-8C49-0FEEC9095DB8}.Release|x86.Build.0 = Release|Any CPU
		{7E26458E-6A42-4053-BB89-62D3C7530815}.Debug|Any CPU.ActiveCfg = Debug|Any CPU
		{7E26458E-6A42-4053-BB89-62D3C7530815}.Debug|Any CPU.Build.0 = Debug|Any CPU
		{7E26458E-6A42-4053-BB89-62D3C7530815}.Debug|x64.ActiveCfg = Debug|Any CPU
		{7E26458E-6A42-4053-BB89-62D3C7530815}.Debug|x64.Build.0 = Debug|Any CPU
		{7E26458E-6A42-4053-BB89-62D3C7530815}.Debug|x86.ActiveCfg = Debug|Any CPU
		{7E26458E-6A42-4053-BB89-62D3C7530815}.Debug|x86.Build.0 = Debug|Any CPU
		{7E26458E-6A42-4053-BB89-62D3C7530815}.Release|Any CPU.ActiveCfg = Release|Any CPU
		{7E26458E-6A42-4053-BB89-62D3C7530815}.Release|Any CPU.Build.0 = Release|Any CPU
		{7E26458E-6A42-4053-BB89-62D3C7530815}.Release|x64.ActiveCfg = Release|Any CPU
		{7E26458E-6A42-4053-BB89-62D3C7530815}.Release|x64.Build.0 = Release|Any CPU
		{7E26458E-6A42-4053-BB89-62D3C7530815}.Release|x86.ActiveCfg = Release|Any CPU
		{7E26458E-6A42-4053-BB89-62D3C7530815}.Release|x86.Build.0 = Release|Any CPU
		{8A711BBB-5B69-4BAF-86A2-FB25397794B9}.Debug|Any CPU.ActiveCfg = Debug|Any CPU
		{8A711BBB-5B69-4BAF-86A2-FB25397794B9}.Debug|Any CPU.Build.0 = Debug|Any CPU
		{8A711BBB-5B69-4BAF-86A2-FB25397794B9}.Debug|x64.ActiveCfg = Debug|Any CPU
		{8A711BBB-5B69-4BAF-86A2-FB25397794B9}.Debug|x64.Build.0 = Debug|Any CPU
		{8A711BBB-5B69-4BAF-86A2-FB25397794B9}.Debug|x86.ActiveCfg = Debug|Any CPU
		{8A711BBB-5B69-4BAF-86A2-FB25397794B9}.Debug|x86.Build.0 = Debug|Any CPU
		{8A711BBB-5B69-4BAF-86A2-FB25397794B9}.Release|Any CPU.ActiveCfg = Release|Any CPU
		{8A711BBB-5B69-4BAF-86A2-FB25397794B9}.Release|Any CPU.Build.0 = Release|Any CPU
		{8A711BBB-5B69-4BAF-86A2-FB25397794B9}.Release|x64.ActiveCfg = Release|Any CPU
		{8A711BBB-5B69-4BAF-86A2-FB25397794B9}.Release|x64.Build.0 = Release|Any CPU
		{8A711BBB-5B69-4BAF-86A2-FB25397794B9}.Release|x86.ActiveCfg = Release|Any CPU
		{8A711BBB-5B69-4BAF-86A2-FB25397794B9}.Release|x86.Build.0 = Release|Any CPU
		{BD3B23A9-9086-49BD-9C75-9554D56248BE}.Debug|Any CPU.ActiveCfg = Debug|Any CPU
		{BD3B23A9-9086-49BD-9C75-9554D56248BE}.Debug|Any CPU.Build.0 = Debug|Any CPU
		{BD3B23A9-9086-49BD-9C75-9554D56248BE}.Debug|x64.ActiveCfg = Debug|Any CPU
		{BD3B23A9-9086-49BD-9C75-9554D56248BE}.Debug|x64.Build.0 = Debug|Any CPU
		{BD3B23A9-9086-49BD-9C75-9554D56248BE}.Debug|x86.ActiveCfg = Debug|Any CPU
		{BD3B23A9-9086-49BD-9C75-9554D56248BE}.Debug|x86.Build.0 = Debug|Any CPU
		{BD3B23A9-9086-49BD-9C75-9554D56248BE}.Release|Any CPU.ActiveCfg = Release|Any CPU
		{BD3B23A9-9086-49BD-9C75-9554D56248BE}.Release|Any CPU.Build.0 = Release|Any CPU
		{BD3B23A9-9086-49BD-9C75-9554D56248BE}.Release|x64.ActiveCfg = Release|Any CPU
		{BD3B23A9-9086-49BD-9C75-9554D56248BE}.Release|x64.Build.0 = Release|Any CPU
		{BD3B23A9-9086-49BD-9C75-9554D56248BE}.Release|x86.ActiveCfg = Release|Any CPU
		{BD3B23A9-9086-49BD-9C75-9554D56248BE}.Release|x86.Build.0 = Release|Any CPU
	EndGlobalSection
	GlobalSection(SolutionProperties) = preSolution
		HideSolutionNode = FALSE
	EndGlobalSection
	GlobalSection(ExtensibilityGlobals) = postSolution
		SolutionGuid = {BA23527E-1170-4592-A3E8-E87C77EC2CB7}
	EndGlobalSection
EndGlobal
