<?xml version="1.0" encoding="utf-8"?>
<Project ToolsVersion="4.0" xmlns="http://schemas.microsoft.com/developer/msbuild/2003">
  <ItemGroup>
    <Filter Include="Collections">
      <UniqueIdentifier>{fced4096-7897-4265-80bc-6c243cb9a141}</UniqueIdentifier>
    </Filter>
    <Filter Include="Data">
      <UniqueIdentifier>{f7d9f08b-9320-43a9-8c62-4a2c394bf164}</UniqueIdentifier>
    </Filter>
    <Filter Include="Query">
      <UniqueIdentifier>{a62ba026-afd2-4b40-8319-84db228e8139}</UniqueIdentifier>
    </Filter>
    <Filter Include="_Base">
      <UniqueIdentifier>{93995380-89BD-4b04-88EB-625FBE52EBFB}</UniqueIdentifier>
      <Extensions>h;hh;hpp;hxx;hm;inl;inc;xsd</Extensions>
    </Filter>
    <Filter Include="Text">
      <UniqueIdentifier>{d553130b-43d4-40f0-8f98-91688b68d9d5}</UniqueIdentifier>
    </Filter>
    <Filter Include="Vector">
      <UniqueIdentifier>{b7ede7c9-5dd6-4866-88b1-28d6583fae53}</UniqueIdentifier>
    </Filter>
    <Filter Include="Serialization">
      <UniqueIdentifier>{65c52942-a146-4fba-aa4c-87c816765908}</UniqueIdentifier>
    </Filter>
  </ItemGroup>
  <ItemGroup>
    <ClInclude Include="Stdafx.h">
      <Filter>_Base</Filter>
    </ClInclude>
    <ClInclude Include="resource.h">
      <Filter>_Base</Filter>
    </ClInclude>
    <ClInclude Include="IndexSet.h">
      <Filter>Collections</Filter>
    </ClInclude>
    <ClInclude Include="SortBucketColumnN.h">
      <Filter>Data</Filter>
    </ClInclude>
    <ClInclude Include="Operator.h">
      <Filter>Query</Filter>
    </ClInclude>
    <ClInclude Include="String8Native.h">
      <Filter>Text</Filter>
    </ClInclude>
    <ClInclude Include="CompareToVector.h">
      <Filter>Vector</Filter>
    </ClInclude>
    <ClInclude Include="Span.h">
      <Filter>Collections</Filter>
    </ClInclude>
    <ClInclude Include="BinarySerializer.h">
      <Filter>Serialization</Filter>
    </ClInclude>
    <ClInclude Include="Heap.h">
      <Filter>Collections</Filter>
    </ClInclude>
  </ItemGroup>
  <ItemGroup>
    <ClCompile Include="IndexSet.cpp">
      <Filter>Collections</Filter>
    </ClCompile>
    <ClCompile Include="SortBucketColumnN.cpp">
      <Filter>Data</Filter>
    </ClCompile>
    <ClCompile Include="AssemblyInfo.cpp">
      <Filter>_Base</Filter>
    </ClCompile>
    <ClCompile Include="Stdafx.cpp">
      <Filter>_Base</Filter>
    </ClCompile>
    <ClCompile Include="String8Native.cpp">
      <Filter>Text</Filter>
    </ClCompile>
    <ClCompile Include="Span.cpp">
      <Filter>Collections</Filter>
    </ClCompile>
    <ClCompile Include="CompareToSingle.cpp">
      <Filter>Vector</Filter>
    </ClCompile>
    <ClCompile Include="BinarySerializer.cpp">
      <Filter>Serialization</Filter>
    </ClCompile>
    <ClCompile Include="Heap.cpp">
      <Filter>Collections</Filter>
    </ClCompile>
    <ClCompile Include="CompareToVector8.cpp">
      <Filter>Vector</Filter>
    </ClCompile>
    <ClCompile Include="CompareToVector16.cpp">
      <Filter>Vector</Filter>
    </ClCompile>
  </ItemGroup>
  <ItemGroup>
    <Image Include="app.ico">
      <Filter>_Base</Filter>
    </Image>
  </ItemGroup>
  <ItemGroup>
    <ResourceCompile Include="app.rc">
      <Filter>_Base</Filter>
    </ResourceCompile>
  </ItemGroup>
</Project>