
Microsoft Visual Studio Solution File, Format Version 12.00
# Visual Studio 15
VisualStudioVersion = 15.0.26730.16
MinimumVisualStudioVersion = 10.0.40219.1
Project("{FAE04EC0-301F-11D3-BF4B-00C04F79EFBC}") = "XForm", "XForm\XForm.csproj", "{29EEDFBF-D79C-4113-94F5-F3EBA9BA7C47}"
EndProject
Project("{FAE04EC0-301F-11D3-BF4B-00C04F79EFBC}") = "Elfie", "..\Elfie\Elfie\Elfie.csproj", "{D45F339F-847A-4F3A-88A0-AFB883E9920E}"
EndProject
Project("{FAE04EC0-301F-11D3-BF4B-00C04F79EFBC}") = "Elfie.Test", "..\Elfie\Elfie.Test\Elfie.Test.csproj", "{FBB1CED3-8C9D-4CB8-A322-04EC783E11B8}"
EndProject
Project("{FAE04EC0-301F-11D3-BF4B-00C04F79EFBC}") = "XForm.Test", "XForm.Test\XForm.Test.csproj", "{3A215903-E89A-4985-8115-CAD6C6D70DAD}"
EndProject
Project("{8BC9CEB8-8B4A-11D0-8D11-00A0C91BC942}") = "XForm.Native", "XForm.Native\XForm.Native.vcxproj", "{2940106F-71AA-48CA-8257-7FCEABAB098F}"
EndProject
Project("{FAE04EC0-301F-11D3-BF4B-00C04F79EFBC}") = "XForm.Generator", "XForm.Generator\XForm.Generator.csproj", "{DA405DCD-14B4-44E4-B84D-0A189A19D4AD}"
EndProject
Project("{FAE04EC0-301F-11D3-BF4B-00C04F79EFBC}") = "XForm.Scanning", "XForm.Scanning\XForm.Scanning.csproj", "{D6C8B34C-3B8D-486C-8834-CF20685B3DC1}"
EndProject
Project("{FAE04EC0-301F-11D3-BF4B-00C04F79EFBC}") = "XForm.IIS", "XForm.IIS\XForm.IIS.csproj", "{5E33233F-AFA3-4B54-AB2A-3EC5CE254191}"
EndProject
Project("{2150E333-8FDC-42A3-9474-1A3956D46DE8}") = "Solution Items", "Solution Items", "{123FFBC6-445C-445A-A2AB-D7E4AA5FBD62}"
	ProjectSection(SolutionItems) = preProject
		XForm.runsettings = XForm.runsettings
	EndProjectSection
EndProject
Project("{FAE04EC0-301F-11D3-BF4B-00C04F79EFBC}") = "XForm.Prices", "XForm.Prices\XForm.Prices.csproj", "{90B7AE34-5EC8-4A29-8A11-9EE2B19D34F3}"
EndProject
Global
	GlobalSection(SolutionConfigurationPlatforms) = preSolution
		Debug|Any CPU = Debug|Any CPU
		Debug|x64 = Debug|x64
		Debug|x86 = Debug|x86
		Release|Any CPU = Release|Any CPU
		Release|x64 = Release|x64
		Release|x86 = Release|x86
	EndGlobalSection
	GlobalSection(ProjectConfigurationPlatforms) = postSolution
		{29EEDFBF-D79C-4113-94F5-F3EBA9BA7C47}.Debug|Any CPU.ActiveCfg = Debug|Any CPU
		{29EEDFBF-D79C-4113-94F5-F3EBA9BA7C47}.Debug|Any CPU.Build.0 = Debug|Any CPU
		{29EEDFBF-D79C-4113-94F5-F3EBA9BA7C47}.Debug|x64.ActiveCfg = Debug|x64
		{29EEDFBF-D79C-4113-94F5-F3EBA9BA7C47}.Debug|x64.Build.0 = Debug|x64
		{29EEDFBF-D79C-4113-94F5-F3EBA9BA7C47}.Debug|x86.ActiveCfg = Debug|x86
		{29EEDFBF-D79C-4113-94F5-F3EBA9BA7C47}.Debug|x86.Build.0 = Debug|x86
		{29EEDFBF-D79C-4113-94F5-F3EBA9BA7C47}.Release|Any CPU.ActiveCfg = Release|Any CPU
		{29EEDFBF-D79C-4113-94F5-F3EBA9BA7C47}.Release|Any CPU.Build.0 = Release|Any CPU
		{29EEDFBF-D79C-4113-94F5-F3EBA9BA7C47}.Release|x64.ActiveCfg = Release|x64
		{29EEDFBF-D79C-4113-94F5-F3EBA9BA7C47}.Release|x64.Build.0 = Release|x64
		{29EEDFBF-D79C-4113-94F5-F3EBA9BA7C47}.Release|x86.ActiveCfg = Release|x86
		{29EEDFBF-D79C-4113-94F5-F3EBA9BA7C47}.Release|x86.Build.0 = Release|x86
		{D45F339F-847A-4F3A-88A0-AFB883E9920E}.Debug|Any CPU.ActiveCfg = Debug|Any CPU
		{D45F339F-847A-4F3A-88A0-AFB883E9920E}.Debug|Any CPU.Build.0 = Debug|Any CPU
		{D45F339F-847A-4F3A-88A0-AFB883E9920E}.Debug|x64.ActiveCfg = Debug|x64
		{D45F339F-847A-4F3A-88A0-AFB883E9920E}.Debug|x64.Build.0 = Debug|x64
		{D45F339F-847A-4F3A-88A0-AFB883E9920E}.Debug|x86.ActiveCfg = Debug|x86
		{D45F339F-847A-4F3A-88A0-AFB883E9920E}.Debug|x86.Build.0 = Debug|x86
		{D45F339F-847A-4F3A-88A0-AFB883E9920E}.Release|Any CPU.ActiveCfg = Release|Any CPU
		{D45F339F-847A-4F3A-88A0-AFB883E9920E}.Release|Any CPU.Build.0 = Release|Any CPU
		{D45F339F-847A-4F3A-88A0-AFB883E9920E}.Release|x64.ActiveCfg = Release|x64
		{D45F339F-847A-4F3A-88A0-AFB883E9920E}.Release|x64.Build.0 = Release|x64
		{D45F339F-847A-4F3A-88A0-AFB883E9920E}.Release|x86.ActiveCfg = Release|x86
		{D45F339F-847A-4F3A-88A0-AFB883E9920E}.Release|x86.Build.0 = Release|x86
		{FBB1CED3-8C9D-4CB8-A322-04EC783E11B8}.Debug|Any CPU.ActiveCfg = Debug|Any CPU
		{FBB1CED3-8C9D-4CB8-A322-04EC783E11B8}.Debug|Any CPU.Build.0 = Debug|Any CPU
		{FBB1CED3-8C9D-4CB8-A322-04EC783E11B8}.Debug|x64.ActiveCfg = Debug|x64
		{FBB1CED3-8C9D-4CB8-A322-04EC783E11B8}.Debug|x64.Build.0 = Debug|x64
		{FBB1CED3-8C9D-4CB8-A322-04EC783E11B8}.Debug|x86.ActiveCfg = Debug|Any CPU
		{FBB1CED3-8C9D-4CB8-A322-04EC783E11B8}.Debug|x86.Build.0 = Debug|Any CPU
		{FBB1CED3-8C9D-4CB8-A322-04EC783E11B8}.Release|Any CPU.ActiveCfg = Release|Any CPU
		{FBB1CED3-8C9D-4CB8-A322-04EC783E11B8}.Release|Any CPU.Build.0 = Release|Any CPU
		{FBB1CED3-8C9D-4CB8-A322-04EC783E11B8}.Release|x64.ActiveCfg = Release|x64
		{FBB1CED3-8C9D-4CB8-A322-04EC783E11B8}.Release|x64.Build.0 = Release|x64
		{FBB1CED3-8C9D-4CB8-A322-04EC783E11B8}.Release|x86.ActiveCfg = Release|Any CPU
		{FBB1CED3-8C9D-4CB8-A322-04EC783E11B8}.Release|x86.Build.0 = Release|Any CPU
		{3A215903-E89A-4985-8115-CAD6C6D70DAD}.Debug|Any CPU.ActiveCfg = Debug|Any CPU
		{3A215903-E89A-4985-8115-CAD6C6D70DAD}.Debug|Any CPU.Build.0 = Debug|Any CPU
		{3A215903-E89A-4985-8115-CAD6C6D70DAD}.Debug|x64.ActiveCfg = Debug|x64
		{3A215903-E89A-4985-8115-CAD6C6D70DAD}.Debug|x64.Build.0 = Debug|x64
		{3A215903-E89A-4985-8115-CAD6C6D70DAD}.Debug|x86.ActiveCfg = Debug|x86
		{3A215903-E89A-4985-8115-CAD6C6D70DAD}.Debug|x86.Build.0 = Debug|x86
		{3A215903-E89A-4985-8115-CAD6C6D70DAD}.Release|Any CPU.ActiveCfg = Release|Any CPU
		{3A215903-E89A-4985-8115-CAD6C6D70DAD}.Release|Any CPU.Build.0 = Release|Any CPU
		{3A215903-E89A-4985-8115-CAD6C6D70DAD}.Release|x64.ActiveCfg = Release|x64
		{3A215903-E89A-4985-8115-CAD6C6D70DAD}.Release|x64.Build.0 = Release|x64
		{3A215903-E89A-4985-8115-CAD6C6D70DAD}.Release|x86.ActiveCfg = Release|x86
		{3A215903-E89A-4985-8115-CAD6C6D70DAD}.Release|x86.Build.0 = Release|x86
		{2940106F-71AA-48CA-8257-7FCEABAB098F}.Debug|Any CPU.ActiveCfg = Debug|x64
		{2940106F-71AA-48CA-8257-7FCEABAB098F}.Debug|x64.ActiveCfg = Debug|x64
		{2940106F-71AA-48CA-8257-7FCEABAB098F}.Debug|x64.Build.0 = Debug|x64
		{2940106F-71AA-48CA-8257-7FCEABAB098F}.Debug|x86.ActiveCfg = Debug|Win32
		{2940106F-71AA-48CA-8257-7FCEABAB098F}.Debug|x86.Build.0 = Debug|Win32
		{2940106F-71AA-48CA-8257-7FCEABAB098F}.Release|Any CPU.ActiveCfg = Release|x64
		{2940106F-71AA-48CA-8257-7FCEABAB098F}.Release|x64.ActiveCfg = Release|x64
		{2940106F-71AA-48CA-8257-7FCEABAB098F}.Release|x64.Build.0 = Release|x64
		{2940106F-71AA-48CA-8257-7FCEABAB098F}.Release|x86.ActiveCfg = Release|Win32
		{2940106F-71AA-48CA-8257-7FCEABAB098F}.Release|x86.Build.0 = Release|Win32
		{DA405DCD-14B4-44E4-B84D-0A189A19D4AD}.Debug|Any CPU.ActiveCfg = Debug|x64
		{DA405DCD-14B4-44E4-B84D-0A189A19D4AD}.Debug|x64.ActiveCfg = Debug|x64
		{DA405DCD-14B4-44E4-B84D-0A189A19D4AD}.Debug|x64.Build.0 = Debug|x64
		{DA405DCD-14B4-44E4-B84D-0A189A19D4AD}.Debug|x86.ActiveCfg = Debug|x64
		{DA405DCD-14B4-44E4-B84D-0A189A19D4AD}.Release|Any CPU.ActiveCfg = Release|x64
		{DA405DCD-14B4-44E4-B84D-0A189A19D4AD}.Release|x64.ActiveCfg = Release|x64
		{DA405DCD-14B4-44E4-B84D-0A189A19D4AD}.Release|x64.Build.0 = Release|x64
		{DA405DCD-14B4-44E4-B84D-0A189A19D4AD}.Release|x86.ActiveCfg = Release|x64
		{D6C8B34C-3B8D-486C-8834-CF20685B3DC1}.Debug|Any CPU.ActiveCfg = Debug|Any CPU
		{D6C8B34C-3B8D-486C-8834-CF20685B3DC1}.Debug|Any CPU.Build.0 = Debug|Any CPU
		{D6C8B34C-3B8D-486C-8834-CF20685B3DC1}.Debug|x64.ActiveCfg = Debug|x64
		{D6C8B34C-3B8D-486C-8834-CF20685B3DC1}.Debug|x64.Build.0 = Debug|x64
		{D6C8B34C-3B8D-486C-8834-CF20685B3DC1}.Debug|x86.ActiveCfg = Debug|Any CPU
		{D6C8B34C-3B8D-486C-8834-CF20685B3DC1}.Debug|x86.Build.0 = Debug|Any CPU
		{D6C8B34C-3B8D-486C-8834-CF20685B3DC1}.Release|Any CPU.ActiveCfg = Release|Any CPU
		{D6C8B34C-3B8D-486C-8834-CF20685B3DC1}.Release|Any CPU.Build.0 = Release|Any CPU
		{D6C8B34C-3B8D-486C-8834-CF20685B3DC1}.Release|x64.ActiveCfg = Release|x64
		{D6C8B34C-3B8D-486C-8834-CF20685B3DC1}.Release|x64.Build.0 = Release|x64
		{D6C8B34C-3B8D-486C-8834-CF20685B3DC1}.Release|x86.ActiveCfg = Release|Any CPU
		{D6C8B34C-3B8D-486C-8834-CF20685B3DC1}.Release|x86.Build.0 = Release|Any CPU
		{5E33233F-AFA3-4B54-AB2A-3EC5CE254191}.Debug|Any CPU.ActiveCfg = Debug|x64
		{5E33233F-AFA3-4B54-AB2A-3EC5CE254191}.Debug|x64.ActiveCfg = Debug|x64
		{5E33233F-AFA3-4B54-AB2A-3EC5CE254191}.Debug|x64.Build.0 = Debug|x64
		{5E33233F-AFA3-4B54-AB2A-3EC5CE254191}.Debug|x86.ActiveCfg = Debug|x64
		{5E33233F-AFA3-4B54-AB2A-3EC5CE254191}.Release|Any CPU.ActiveCfg = Release|x64
		{5E33233F-AFA3-4B54-AB2A-3EC5CE254191}.Release|x64.ActiveCfg = Release|x64
		{5E33233F-AFA3-4B54-AB2A-3EC5CE254191}.Release|x64.Build.0 = Release|x64
		{5E33233F-AFA3-4B54-AB2A-3EC5CE254191}.Release|x86.ActiveCfg = Release|x64
		{90B7AE34-5EC8-4A29-8A11-9EE2B19D34F3}.Debug|Any CPU.ActiveCfg = Debug|x86
		{90B7AE34-5EC8-4A29-8A11-9EE2B19D34F3}.Debug|x64.ActiveCfg = Debug|x64
		{90B7AE34-5EC8-4A29-8A11-9EE2B19D34F3}.Debug|x64.Build.0 = Debug|x64
		{90B7AE34-5EC8-4A29-8A11-9EE2B19D34F3}.Debug|x86.ActiveCfg = Debug|x86
		{90B7AE34-5EC8-4A29-8A11-9EE2B19D34F3}.Debug|x86.Build.0 = Debug|x86
		{90B7AE34-5EC8-4A29-8A11-9EE2B19D34F3}.Release|Any CPU.ActiveCfg = Release|x86
		{90B7AE34-5EC8-4A29-8A11-9EE2B19D34F3}.Release|x64.ActiveCfg = Release|x64
		{90B7AE34-5EC8-4A29-8A11-9EE2B19D34F3}.Release|x64.Build.0 = Release|x64
		{90B7AE34-5EC8-4A29-8A11-9EE2B19D34F3}.Release|x86.ActiveCfg = Release|x86
		{90B7AE34-5EC8-4A29-8A11-9EE2B19D34F3}.Release|x86.Build.0 = Release|x86
	EndGlobalSection
	GlobalSection(SolutionProperties) = preSolution
		HideSolutionNode = FALSE
	EndGlobalSection
	GlobalSection(ExtensibilityGlobals) = postSolution
		SolutionGuid = {47F2AC20-1BB7-47BB-900B-3FD795D6D31B}
	EndGlobalSection
EndGlobal
