Microsoft Visual Studio Solution File, Format Version 12.00
# Visual Studio 14
VisualStudioVersion = 14.0.25420.1
MinimumVisualStudioVersion = 10.0.40219.1
Project("{FAE04EC0-301F-11D3-BF4B-00C04F79EFBC}") = "XForm", "XForm\XForm.csproj", "{29EEDFBF-D79C-4113-94F5-F3EBA9BA7C47}"
EndProject
Project("{FAE04EC0-301F-11D3-BF4B-00C04F79EFBC}") = "Elfie", "Elfie\Elfie.csproj", "{D45F339F-847A-4F3A-88A0-AFB883E9920E}"
EndProject
Project("{FAE04EC0-301F-11D3-BF4B-00C04F79EFBC}") = "Elfie.Test", "Elfie.Test\Elfie.Test.csproj", "{FBB1CED3-8C9D-4CB8-A322-04EC783E11B8}"
EndProject
Project("{FAE04EC0-301F-11D3-BF4B-00C04F79EFBC}") = "XForm.Test", "XForm.Test\XForm.Test.csproj", "{3A215903-E89A-4985-8115-CAD6C6D70DAD}"
EndProject
Global
	GlobalSection(SolutionConfigurationPlatforms) = preSolution
		Debug|Mixed Platforms = Debug|Mixed Platforms
		Release|Mixed Platforms = Release|Mixed Platforms
	EndGlobalSection
	GlobalSection(ProjectConfigurationPlatforms) = postSolution
		{29EEDFBF-D79C-4113-94F5-F3EBA9BA7C47}.Debug|Mixed Platforms.ActiveCfg = Debug|Any CPU
		{29EEDFBF-D79C-4113-94F5-F3EBA9BA7C47}.Debug|Mixed Platforms.Build.0 = Debug|Any CPU
		{29EEDFBF-D79C-4113-94F5-F3EBA9BA7C47}.Release|Mixed Platforms.ActiveCfg = Release|Any CPU
		{29EEDFBF-D79C-4113-94F5-F3EBA9BA7C47}.Release|Mixed Platforms.Build.0 = Release|Any CPU
		{D45F339F-847A-4F3A-88A0-AFB883E9920E}.Debug|Mixed Platforms.ActiveCfg = Debug|Any CPU
		{D45F339F-847A-4F3A-88A0-AFB883E9920E}.Debug|Mixed Platforms.Build.0 = Debug|Any CPU
		{D45F339F-847A-4F3A-88A0-AFB883E9920E}.Release|Mixed Platforms.ActiveCfg = Release|Any CPU
		{D45F339F-847A-4F3A-88A0-AFB883E9920E}.Release|Mixed Platforms.Build.0 = Release|Any CPU
		{FBB1CED3-8C9D-4CB8-A322-04EC783E11B8}.Debug|Mixed Platforms.ActiveCfg = Debug|Any CPU
		{FBB1CED3-8C9D-4CB8-A322-04EC783E11B8}.Debug|Mixed Platforms.Build.0 = Debug|Any CPU
		{FBB1CED3-8C9D-4CB8-A322-04EC783E11B8}.Release|Mixed Platforms.ActiveCfg = Release|Any CPU
		{FBB1CED3-8C9D-4CB8-A322-04EC783E11B8}.Release|Mixed Platforms.Build.0 = Release|Any CPU
		{3A215903-E89A-4985-8115-CAD6C6D70DAD}.Debug|Mixed Platforms.ActiveCfg = Debug|Any CPU
		{3A215903-E89A-4985-8115-CAD6C6D70DAD}.Debug|Mixed Platforms.Build.0 = Debug|Any CPU
		{3A215903-E89A-4985-8115-CAD6C6D70DAD}.Release|Mixed Platforms.ActiveCfg = Release|Any CPU
		{3A215903-E89A-4985-8115-CAD6C6D70DAD}.Release|Mixed Platforms.Build.0 = Release|Any CPU
	EndGlobalSection
	GlobalSection(SolutionProperties) = preSolution
		HideSolutionNode = FALSE
	EndGlobalSection
EndGlobal
